
Microsoft Visual Studio Solution File, Format Version 12.00
# Visual Studio Version 16
VisualStudioVersion = 16.0.810.0
MinimumVisualStudioVersion = 10.0.40219.1
Project("{FAE04EC0-301F-11D3-BF4B-00C04F79EFBC}") = "ToDo", "ToDo.csproj", "{C44C6174-3A71-4A3F-8180-CEDE74D7A8F6}"
EndProject
Global
	GlobalSection(SolutionConfigurationPlatforms) = preSolution
		Debug|Any CPU = Debug|Any CPU
		Release|Any CPU = Release|Any CPU
	EndGlobalSection
	GlobalSection(ProjectConfigurationPlatforms) = postSolution
		{C44C6174-3A71-4A3F-8180-CEDE74D7A8F6}.Debug|Any CPU.ActiveCfg = Debug|Any CPU
		{C44C6174-3A71-4A3F-8180-CEDE74D7A8F6}.Debug|Any CPU.Build.0 = Debug|Any CPU
		{C44C6174-3A71-4A3F-8180-CEDE74D7A8F6}.Release|Any CPU.ActiveCfg = Release|Any CPU
		{C44C6174-3A71-4A3F-8180-CEDE74D7A8F6}.Release|Any CPU.Build.0 = Release|Any CPU
	EndGlobalSection
	GlobalSection(SolutionProperties) = preSolution
		HideSolutionNode = FALSE
	EndGlobalSection
	GlobalSection(ExtensibilityGlobals) = postSolution
		SolutionGuid = {09494F72-967E-4C1D-83AC-1BC4CFC8E1EC}
	EndGlobalSection
EndGlobal
